{
  "name": "trailtoast",
  "version": "1.0.0",
  "lockfileVersion": 3,
  "requires": true,
  "packages": {
    "": {
      "name": "trailtoast",
      "version": "1.0.0",
      "license": "MIT",
      "dependencies": {
        "trailtoast": "^1.0.0"
      }
    },
    "node_modules/trailtoast": {
      "version": "1.0.0",
      "resolved": "https://registry.npmjs.org/trailtoast/-/trailtoast-1.0.0.tgz",
      "integrity": "sha512-iYcqamlSebBJBU4P5j9U0ygVu99zq18RwY7ij6RqdiBM4B/S1cPV6MARUL9i8RS7mY+6xCrBQ1s/uksxmjkUIw=="
    }
  }
}
